
Microsoft Visual Studio Solution File, Format Version 12.00
# Visual Studio Version 16
VisualStudioVersion = 16.0.30114.105
MinimumVisualStudioVersion = 10.0.40219.1
Project("{9A19103F-16F7-4668-BE54-9A1E7A4F7556}") = "DevExpress.Blazor.AnchorUtils", "DevExpress.Blazor.AnchorUtils.csproj", "{C88E4685-34ED-42A2-A9EF-03C426FE7309}"
EndProject
Global
	GlobalSection(SolutionConfigurationPlatforms) = preSolution
		Debug|Any CPU = Debug|Any CPU
		Release|Any CPU = Release|Any CPU
	EndGlobalSection
	GlobalSection(ProjectConfigurationPlatforms) = postSolution
		{C88E4685-34ED-42A2-A9EF-03C426FE7309}.Debug|Any CPU.ActiveCfg = Debug|Any CPU
		{C88E4685-34ED-42A2-A9EF-03C426FE7309}.Debug|Any CPU.Build.0 = Debug|Any CPU
		{C88E4685-34ED-42A2-A9EF-03C426FE7309}.Release|Any CPU.ActiveCfg = Release|Any CPU
		{C88E4685-34ED-42A2-A9EF-03C426FE7309}.Release|Any CPU.Build.0 = Release|Any CPU
	EndGlobalSection
	GlobalSection(SolutionProperties) = preSolution
		HideSolutionNode = FALSE
	EndGlobalSection
	GlobalSection(ExtensibilityGlobals) = postSolution
		SolutionGuid = {EA71B5E2-337A-4D48-BF9F-0BC64D029D11}
	EndGlobalSection
EndGlobal
